
Microsoft Visual Studio Solution File, Format Version 12.00
# Visual Studio 15
VisualStudioVersion = 15.0.28307.645
MinimumVisualStudioVersion = 10.0.40219.1
Project("{FAE04EC0-301F-11D3-BF4B-00C04F79EFBC}") = "Microsoft.Teams.Apps.FAQPlusPlus", "Microsoft.Teams.Apps.FAQPlusPlus\Microsoft.Teams.Apps.FAQPlusPlus.csproj", "{74A752C9-17E7-41F7-B3A6-9559514B8F85}"
EndProject
Project("{FAE04EC0-301F-11D3-BF4B-00C04F79EFBC}") = "Microsoft.Teams.Apps.FAQPlusPlus.Common", "Microsoft.Teams.Apps.FAQPlusPlus.Common\Microsoft.Teams.Apps.FAQPlusPlus.Common.csproj", "{BDE00A37-17FA-4375-BD73-4A45263E51BC}"
EndProject
Project("{FAE04EC0-301F-11D3-BF4B-00C04F79EFBC}") = "Microsoft.Teams.Apps.FAQPlusPlus.Configuration", "Microsoft.Teams.Apps.FAQPlusPlus.Configuration\Microsoft.Teams.Apps.FAQPlusPlus.Configuration.csproj", "{FB347EC9-3571-43D2-9D54-3C14EA9E47BF}"
EndProject
Global
	GlobalSection(SolutionConfigurationPlatforms) = preSolution
		Debug|Any CPU = Debug|Any CPU
		Release|Any CPU = Release|Any CPU
	EndGlobalSection
	GlobalSection(ProjectConfigurationPlatforms) = postSolution
		{74A752C9-17E7-41F7-B3A6-9559514B8F85}.Debug|Any CPU.ActiveCfg = Debug|Any CPU
		{74A752C9-17E7-41F7-B3A6-9559514B8F85}.Debug|Any CPU.Build.0 = Debug|Any CPU
		{74A752C9-17E7-41F7-B3A6-9559514B8F85}.Release|Any CPU.ActiveCfg = Release|Any CPU
		{74A752C9-17E7-41F7-B3A6-9559514B8F85}.Release|Any CPU.Build.0 = Release|Any CPU
		{BDE00A37-17FA-4375-BD73-4A45263E51BC}.Debug|Any CPU.ActiveCfg = Debug|Any CPU
		{BDE00A37-17FA-4375-BD73-4A45263E51BC}.Debug|Any CPU.Build.0 = Debug|Any CPU
		{BDE00A37-17FA-4375-BD73-4A45263E51BC}.Release|Any CPU.ActiveCfg = Release|Any CPU
		{BDE00A37-17FA-4375-BD73-4A45263E51BC}.Release|Any CPU.Build.0 = Release|Any CPU
		{FB347EC9-3571-43D2-9D54-3C14EA9E47BF}.Debug|Any CPU.ActiveCfg = Debug|Any CPU
		{FB347EC9-3571-43D2-9D54-3C14EA9E47BF}.Debug|Any CPU.Build.0 = Debug|Any CPU
		{FB347EC9-3571-43D2-9D54-3C14EA9E47BF}.Release|Any CPU.ActiveCfg = Release|Any CPU
		{FB347EC9-3571-43D2-9D54-3C14EA9E47BF}.Release|Any CPU.Build.0 = Release|Any CPU
	EndGlobalSection
	GlobalSection(SolutionProperties) = preSolution
		HideSolutionNode = FALSE
	EndGlobalSection
	GlobalSection(ExtensibilityGlobals) = postSolution
		SolutionGuid = {AE9A5450-534B-4417-9BE8-EE0C95657BD0}
	EndGlobalSection
EndGlobal
